
Microsoft Visual Studio Solution File, Format Version 12.00
# Visual Studio Version 17
VisualStudioVersion = 17.3.32811.315
MinimumVisualStudioVersion = 10.0.40219.1
Project("{FAE04EC0-301F-11D3-BF4B-00C04F79EFBC}") = "ejercicio1", "ejercicio1\ejercicio1.csproj", "{B42B808B-E8D3-48F7-82AA-E550CC6D7C5E}"
EndProject
Project("{FAE04EC0-301F-11D3-BF4B-00C04F79EFBC}") = "Ejercicio 2", "Ejercicio 2\Ejercicio 2.csproj", "{02361011-991E-4FAA-9EEF-28971C5DC83F}"
EndProject
Global
	GlobalSection(SolutionConfigurationPlatforms) = preSolution
		Debug|Any CPU = Debug|Any CPU
		Release|Any CPU = Release|Any CPU
	EndGlobalSection
	GlobalSection(ProjectConfigurationPlatforms) = postSolution
		{B42B808B-E8D3-48F7-82AA-E550CC6D7C5E}.Debug|Any CPU.ActiveCfg = Debug|Any CPU
		{B42B808B-E8D3-48F7-82AA-E550CC6D7C5E}.Debug|Any CPU.Build.0 = Debug|Any CPU
		{B42B808B-E8D3-48F7-82AA-E550CC6D7C5E}.Release|Any CPU.ActiveCfg = Release|Any CPU
		{B42B808B-E8D3-48F7-82AA-E550CC6D7C5E}.Release|Any CPU.Build.0 = Release|Any CPU
		{02361011-991E-4FAA-9EEF-28971C5DC83F}.Debug|Any CPU.ActiveCfg = Debug|Any CPU
		{02361011-991E-4FAA-9EEF-28971C5DC83F}.Debug|Any CPU.Build.0 = Debug|Any CPU
		{02361011-991E-4FAA-9EEF-28971C5DC83F}.Release|Any CPU.ActiveCfg = Release|Any CPU
		{02361011-991E-4FAA-9EEF-28971C5DC83F}.Release|Any CPU.Build.0 = Release|Any CPU
	EndGlobalSection
	GlobalSection(SolutionProperties) = preSolution
		HideSolutionNode = FALSE
	EndGlobalSection
	GlobalSection(ExtensibilityGlobals) = postSolution
		SolutionGuid = {B2AFAD29-3FC7-40E3-9125-C94725DAD136}
	EndGlobalSection
EndGlobal
